
Microsoft Visual Studio Solution File, Format Version 12.00
# Visual Studio 2012
Project("{FAE04EC0-301F-11D3-BF4B-00C04F79EFBC}") = "HW1", "HW1\HW1.csproj", "{C39CA9CD-3328-44CE-8A74-2D6D0478845E}"
EndProject
Global
	GlobalSection(SolutionConfigurationPlatforms) = preSolution
		Debug|Any CPU = Debug|Any CPU
		Release|Any CPU = Release|Any CPU
	EndGlobalSection
	GlobalSection(ProjectConfigurationPlatforms) = postSolution
		{C39CA9CD-3328-44CE-8A74-2D6D0478845E}.Debug|Any CPU.ActiveCfg = Debug|Any CPU
		{C39CA9CD-3328-44CE-8A74-2D6D0478845E}.Debug|Any CPU.Build.0 = Debug|Any CPU
		{C39CA9CD-3328-44CE-8A74-2D6D0478845E}.Release|Any CPU.ActiveCfg = Release|Any CPU
		{C39CA9CD-3328-44CE-8A74-2D6D0478845E}.Release|Any CPU.Build.0 = Release|Any CPU
	EndGlobalSection
	GlobalSection(SolutionProperties) = preSolution
		HideSolutionNode = FALSE
	EndGlobalSection
EndGlobal
